
Microsoft Visual Studio Solution File, Format Version 12.00
# Visual Studio Version 16
VisualStudioVersion = 16.0.30114.105
MinimumVisualStudioVersion = 10.0.40219.1
Project("{FAE04EC0-301F-11D3-BF4B-00C04F79EFBC}") = "RSAImplementation", "RSAImplementation\RSAImplementation.csproj", "{E2CC6369-D27A-47A4-ACD9-07FCD979981B}"
EndProject
Project("{FAE04EC0-301F-11D3-BF4B-00C04F79EFBC}") = "AESImplementation", "AESImplementation\AESImplementation.csproj", "{4AA1B7A3-1CA2-4DD8-B1DD-7DBEAF21D2E6}"
EndProject
Project("{FAE04EC0-301F-11D3-BF4B-00C04F79EFBC}") = "Client", "Client\Client.csproj", "{DABC741D-31C1-4BD1-A59C-C96A4E86DD0B}"
EndProject
Project("{FAE04EC0-301F-11D3-BF4B-00C04F79EFBC}") = "Server", "Server\Server.csproj", "{7EF92E44-B6AB-47BB-A0EF-430F70DB91C1}"
EndProject
Global
	GlobalSection(SolutionConfigurationPlatforms) = preSolution
		Debug|Any CPU = Debug|Any CPU
		Release|Any CPU = Release|Any CPU
	EndGlobalSection
	GlobalSection(SolutionProperties) = preSolution
		HideSolutionNode = FALSE
	EndGlobalSection
	GlobalSection(ProjectConfigurationPlatforms) = postSolution
		{A257F22C-B61F-44A9-A07C-C79DA80CADE2}.Debug|Any CPU.ActiveCfg = Debug|Any CPU
		{A257F22C-B61F-44A9-A07C-C79DA80CADE2}.Debug|Any CPU.Build.0 = Debug|Any CPU
		{A257F22C-B61F-44A9-A07C-C79DA80CADE2}.Release|Any CPU.ActiveCfg = Release|Any CPU
		{A257F22C-B61F-44A9-A07C-C79DA80CADE2}.Release|Any CPU.Build.0 = Release|Any CPU
		{692F9A8E-B8EC-4110-97F5-DE9310E1D7DC}.Debug|Any CPU.ActiveCfg = Debug|Any CPU
		{692F9A8E-B8EC-4110-97F5-DE9310E1D7DC}.Debug|Any CPU.Build.0 = Debug|Any CPU
		{692F9A8E-B8EC-4110-97F5-DE9310E1D7DC}.Release|Any CPU.ActiveCfg = Release|Any CPU
		{692F9A8E-B8EC-4110-97F5-DE9310E1D7DC}.Release|Any CPU.Build.0 = Release|Any CPU
		{E2CC6369-D27A-47A4-ACD9-07FCD979981B}.Debug|Any CPU.ActiveCfg = Debug|Any CPU
		{E2CC6369-D27A-47A4-ACD9-07FCD979981B}.Debug|Any CPU.Build.0 = Debug|Any CPU
		{E2CC6369-D27A-47A4-ACD9-07FCD979981B}.Release|Any CPU.ActiveCfg = Release|Any CPU
		{E2CC6369-D27A-47A4-ACD9-07FCD979981B}.Release|Any CPU.Build.0 = Release|Any CPU
		{4AA1B7A3-1CA2-4DD8-B1DD-7DBEAF21D2E6}.Debug|Any CPU.ActiveCfg = Debug|Any CPU
		{4AA1B7A3-1CA2-4DD8-B1DD-7DBEAF21D2E6}.Debug|Any CPU.Build.0 = Debug|Any CPU
		{4AA1B7A3-1CA2-4DD8-B1DD-7DBEAF21D2E6}.Release|Any CPU.ActiveCfg = Release|Any CPU
		{4AA1B7A3-1CA2-4DD8-B1DD-7DBEAF21D2E6}.Release|Any CPU.Build.0 = Release|Any CPU
		{DABC741D-31C1-4BD1-A59C-C96A4E86DD0B}.Debug|Any CPU.ActiveCfg = Debug|Any CPU
		{DABC741D-31C1-4BD1-A59C-C96A4E86DD0B}.Debug|Any CPU.Build.0 = Debug|Any CPU
		{DABC741D-31C1-4BD1-A59C-C96A4E86DD0B}.Release|Any CPU.ActiveCfg = Release|Any CPU
		{DABC741D-31C1-4BD1-A59C-C96A4E86DD0B}.Release|Any CPU.Build.0 = Release|Any CPU
		{7EF92E44-B6AB-47BB-A0EF-430F70DB91C1}.Debug|Any CPU.ActiveCfg = Debug|Any CPU
		{7EF92E44-B6AB-47BB-A0EF-430F70DB91C1}.Debug|Any CPU.Build.0 = Debug|Any CPU
		{7EF92E44-B6AB-47BB-A0EF-430F70DB91C1}.Release|Any CPU.ActiveCfg = Release|Any CPU
		{7EF92E44-B6AB-47BB-A0EF-430F70DB91C1}.Release|Any CPU.Build.0 = Release|Any CPU
	EndGlobalSection
EndGlobal
